
Microsoft Visual Studio Solution File, Format Version 12.00
# Visual Studio Version 16
VisualStudioVersion = 16.0.31321.278
MinimumVisualStudioVersion = 10.0.40219.1
Project("{FAE04EC0-301F-11D3-BF4B-00C04F79EFBC}") = "ASCII_art_project", "ASCII_art_project\ASCII_art_project.csproj", "{D760F87B-2B7C-4461-ADA2-6293E204757F}"
EndProject
Global
	GlobalSection(SolutionConfigurationPlatforms) = preSolution
		Debug|Any CPU = Debug|Any CPU
		Release|Any CPU = Release|Any CPU
	EndGlobalSection
	GlobalSection(ProjectConfigurationPlatforms) = postSolution
		{D760F87B-2B7C-4461-ADA2-6293E204757F}.Debug|Any CPU.ActiveCfg = Debug|Any CPU
		{D760F87B-2B7C-4461-ADA2-6293E204757F}.Debug|Any CPU.Build.0 = Debug|Any CPU
		{D760F87B-2B7C-4461-ADA2-6293E204757F}.Release|Any CPU.ActiveCfg = Release|Any CPU
		{D760F87B-2B7C-4461-ADA2-6293E204757F}.Release|Any CPU.Build.0 = Release|Any CPU
	EndGlobalSection
	GlobalSection(SolutionProperties) = preSolution
		HideSolutionNode = FALSE
	EndGlobalSection
	GlobalSection(ExtensibilityGlobals) = postSolution
		SolutionGuid = {D58BD442-C8CD-4865-BD32-224BF40ADAC1}
	EndGlobalSection
EndGlobal
